
Microsoft Visual Studio Solution File, Format Version 12.00
# Visual Studio Version 17
VisualStudioVersion = 17.13.35825.156
MinimumVisualStudioVersion = 10.0.40219.1
Project("{FAE04EC0-301F-11D3-BF4B-00C04F79EFBC}") = "WinSpeechToText", "WinSpeechToText\WinSpeechToText.csproj", "{478F85DB-6074-41FE-9C5E-D632E927F0B1}"
EndProject
Global
	GlobalSection(SolutionConfigurationPlatforms) = preSolution
		Debug|Any CPU = Debug|Any CPU
		Release|Any CPU = Release|Any CPU
	EndGlobalSection
	GlobalSection(ProjectConfigurationPlatforms) = postSolution
		{478F85DB-6074-41FE-9C5E-D632E927F0B1}.Debug|Any CPU.ActiveCfg = Debug|Any CPU
		{478F85DB-6074-41FE-9C5E-D632E927F0B1}.Debug|Any CPU.Build.0 = Debug|Any CPU
		{478F85DB-6074-41FE-9C5E-D632E927F0B1}.Release|Any CPU.ActiveCfg = Release|Any CPU
		{478F85DB-6074-41FE-9C5E-D632E927F0B1}.Release|Any CPU.Build.0 = Release|Any CPU
	EndGlobalSection
	GlobalSection(SolutionProperties) = preSolution
		HideSolutionNode = FALSE
	EndGlobalSection
	GlobalSection(ExtensibilityGlobals) = postSolution
		SolutionGuid = {0BF4D88C-15B0-4E91-88A0-69852F8E5F53}
	EndGlobalSection
EndGlobal
